
Microsoft Visual Studio Solution File, Format Version 11.00
# Visual Studio 2010
Project("{2150E333-8FDC-42A3-9474-1A3956D46DE8}") = "MFC", "MFC", "{41DF2534-38F6-4C8B-822D-1C3521426E19}"
EndProject
Project("{8BC9CEB8-8B4A-11D0-8D11-00A0C91BC942}") = "MFCRestartManagerSupport", "MFCRestartManagerSupport\MFCRestartManagerSupport.vcxproj", "{F8BDE981-9A8A-4342-ABC0-E70A575A0EAD}"
EndProject
Project("{8BC9CEB8-8B4A-11D0-8D11-00A0C91BC942}") = "MFCTaskDialog", "MFCTaskDialog\MFCTaskDialog.vcxproj", "{D5A69F7D-8714-441E-9FE5-D0D4092BAE11}"
EndProject
Global
	GlobalSection(SolutionConfigurationPlatforms) = preSolution
		Debug|Win32 = Debug|Win32
		Release|Win32 = Release|Win32
	EndGlobalSection
	GlobalSection(ProjectConfigurationPlatforms) = postSolution
		{F8BDE981-9A8A-4342-ABC0-E70A575A0EAD}.Debug|Win32.ActiveCfg = Debug|Win32
		{F8BDE981-9A8A-4342-ABC0-E70A575A0EAD}.Debug|Win32.Build.0 = Debug|Win32
		{F8BDE981-9A8A-4342-ABC0-E70A575A0EAD}.Release|Win32.ActiveCfg = Release|Win32
		{F8BDE981-9A8A-4342-ABC0-E70A575A0EAD}.Release|Win32.Build.0 = Release|Win32
		{D5A69F7D-8714-441E-9FE5-D0D4092BAE11}.Debug|Win32.ActiveCfg = Debug|Win32
		{D5A69F7D-8714-441E-9FE5-D0D4092BAE11}.Debug|Win32.Build.0 = Debug|Win32
		{D5A69F7D-8714-441E-9FE5-D0D4092BAE11}.Release|Win32.ActiveCfg = Release|Win32
		{D5A69F7D-8714-441E-9FE5-D0D4092BAE11}.Release|Win32.Build.0 = Release|Win32
	EndGlobalSection
	GlobalSection(SolutionProperties) = preSolution
		HideSolutionNode = FALSE
	EndGlobalSection
	GlobalSection(NestedProjects) = preSolution
		{F8BDE981-9A8A-4342-ABC0-E70A575A0EAD} = {41DF2534-38F6-4C8B-822D-1C3521426E19}
		{D5A69F7D-8714-441E-9FE5-D0D4092BAE11} = {41DF2534-38F6-4C8B-822D-1C3521426E19}
	EndGlobalSection
EndGlobal
