
Microsoft Visual Studio Solution File, Format Version 10.00
# Visual Studio 2008
Project("{8BC9CEB8-8B4A-11D0-8D11-00A0C91BC942}") = "CppStackCorruption", "CppStackCorruption\CppStackCorruption.vcproj", "{8D02AEBC-FF52-419D-A4A7-EE17F513D813}"
	ProjectSection(ProjectDependencies) = postProject
		{6AFF04AA-1C2E-45E5-A7A8-C1FA079E8A16} = {6AFF04AA-1C2E-45E5-A7A8-C1FA079E8A16}
	EndProjectSection
EndProject
Project("{8BC9CEB8-8B4A-11D0-8D11-00A0C91BC942}") = "CppStackOverflow", "CppStackOverflow\CppStackOverflow.vcproj", "{B91A8986-5D69-4ECB-929C-5AAAB0DB9B78}"
EndProject
Project("{8BC9CEB8-8B4A-11D0-8D11-00A0C91BC942}") = "CppHeapCorruption", "CppHeapCorruption\CppHeapCorruption.vcproj", "{B26CAE4A-04C7-4D9B-AC86-449F43D30146}"
EndProject
Project("{8BC9CEB8-8B4A-11D0-8D11-00A0C91BC942}") = "CppDllExport", "CppDllExport\CppDllExport.vcproj", "{6AFF04AA-1C2E-45E5-A7A8-C1FA079E8A16}"
EndProject
Project("{8BC9CEB8-8B4A-11D0-8D11-00A0C91BC942}") = "CppExceptionHandling", "CppExceptionHandling\CppExceptionHandling.vcproj", "{25210064-8F3B-4917-BF4C-42A391E11706}"
EndProject
Project("{8BC9CEB8-8B4A-11D0-8D11-00A0C91BC942}") = "CppResourceLeaks", "CppResourceLeaks\CppResourceLeaks.vcproj", "{E2BE8BD5-317B-4399-82C1-664787B4E225}"
EndProject
Project("{FAE04EC0-301F-11D3-BF4B-00C04F79EFBC}") = "CSExceptionHandling", "CSExceptionHandling\CSExceptionHandling.csproj", "{C35A64B8-AC2E-4CFB-BFE6-4CDCCB187524}"
EndProject
Project("{2150E333-8FDC-42A3-9474-1A3956D46DE8}") = "Debugger", "Debugger", "{62433075-4A7C-4F5A-833B-0F0A263867CA}"
EndProject
Project("{2150E333-8FDC-42A3-9474-1A3956D46DE8}") = "ETW", "ETW", "{5D025E94-97C3-4E87-9394-BC5829A537F2}"
EndProject
Project("{8BC9CEB8-8B4A-11D0-8D11-00A0C91BC942}") = "CppDIADumpSymbol", "CppDIADumpSymbol\CppDIADumpSymbol.vcproj", "{966889C5-1043-44BB-A6E4-E90CC3D33E99}"
EndProject
Project("{FAE04EC0-301F-11D3-BF4B-00C04F79EFBC}") = "CSResourceLeaks", "CSResourceLeaks\CSResourceLeaks.csproj", "{2536E4F6-7CE5-4835-9201-FA6DBE1AF347}"
EndProject
Global
	GlobalSection(SolutionConfigurationPlatforms) = preSolution
		Debug|Any CPU = Debug|Any CPU
		Debug|Mixed Platforms = Debug|Mixed Platforms
		Debug|Win32 = Debug|Win32
		Release|Any CPU = Release|Any CPU
		Release|Mixed Platforms = Release|Mixed Platforms
		Release|Win32 = Release|Win32
	EndGlobalSection
	GlobalSection(ProjectConfigurationPlatforms) = postSolution
		{8D02AEBC-FF52-419D-A4A7-EE17F513D813}.Debug|Any CPU.ActiveCfg = Debug|Win32
		{8D02AEBC-FF52-419D-A4A7-EE17F513D813}.Debug|Mixed Platforms.ActiveCfg = Debug|Win32
		{8D02AEBC-FF52-419D-A4A7-EE17F513D813}.Debug|Mixed Platforms.Build.0 = Debug|Win32
		{8D02AEBC-FF52-419D-A4A7-EE17F513D813}.Debug|Win32.ActiveCfg = Debug|Win32
		{8D02AEBC-FF52-419D-A4A7-EE17F513D813}.Debug|Win32.Build.0 = Debug|Win32
		{8D02AEBC-FF52-419D-A4A7-EE17F513D813}.Release|Any CPU.ActiveCfg = Release|Win32
		{8D02AEBC-FF52-419D-A4A7-EE17F513D813}.Release|Mixed Platforms.ActiveCfg = Release|Win32
		{8D02AEBC-FF52-419D-A4A7-EE17F513D813}.Release|Mixed Platforms.Build.0 = Release|Win32
		{8D02AEBC-FF52-419D-A4A7-EE17F513D813}.Release|Win32.ActiveCfg = Release|Win32
		{8D02AEBC-FF52-419D-A4A7-EE17F513D813}.Release|Win32.Build.0 = Release|Win32
		{B91A8986-5D69-4ECB-929C-5AAAB0DB9B78}.Debug|Any CPU.ActiveCfg = Debug|Win32
		{B91A8986-5D69-4ECB-929C-5AAAB0DB9B78}.Debug|Mixed Platforms.ActiveCfg = Debug|Win32
		{B91A8986-5D69-4ECB-929C-5AAAB0DB9B78}.Debug|Mixed Platforms.Build.0 = Debug|Win32
		{B91A8986-5D69-4ECB-929C-5AAAB0DB9B78}.Debug|Win32.ActiveCfg = Debug|Win32
		{B91A8986-5D69-4ECB-929C-5AAAB0DB9B78}.Debug|Win32.Build.0 = Debug|Win32
		{B91A8986-5D69-4ECB-929C-5AAAB0DB9B78}.Release|Any CPU.ActiveCfg = Release|Win32
		{B91A8986-5D69-4ECB-929C-5AAAB0DB9B78}.Release|Mixed Platforms.ActiveCfg = Release|Win32
		{B91A8986-5D69-4ECB-929C-5AAAB0DB9B78}.Release|Mixed Platforms.Build.0 = Release|Win32
		{B91A8986-5D69-4ECB-929C-5AAAB0DB9B78}.Release|Win32.ActiveCfg = Release|Win32
		{B91A8986-5D69-4ECB-929C-5AAAB0DB9B78}.Release|Win32.Build.0 = Release|Win32
		{B26CAE4A-04C7-4D9B-AC86-449F43D30146}.Debug|Any CPU.ActiveCfg = Debug|Win32
		{B26CAE4A-04C7-4D9B-AC86-449F43D30146}.Debug|Mixed Platforms.ActiveCfg = Debug|Win32
		{B26CAE4A-04C7-4D9B-AC86-449F43D30146}.Debug|Mixed Platforms.Build.0 = Debug|Win32
		{B26CAE4A-04C7-4D9B-AC86-449F43D30146}.Debug|Win32.ActiveCfg = Debug|Win32
		{B26CAE4A-04C7-4D9B-AC86-449F43D30146}.Debug|Win32.Build.0 = Debug|Win32
		{B26CAE4A-04C7-4D9B-AC86-449F43D30146}.Release|Any CPU.ActiveCfg = Release|Win32
		{B26CAE4A-04C7-4D9B-AC86-449F43D30146}.Release|Mixed Platforms.ActiveCfg = Release|Win32
		{B26CAE4A-04C7-4D9B-AC86-449F43D30146}.Release|Mixed Platforms.Build.0 = Release|Win32
		{B26CAE4A-04C7-4D9B-AC86-449F43D30146}.Release|Win32.ActiveCfg = Release|Win32
		{B26CAE4A-04C7-4D9B-AC86-449F43D30146}.Release|Win32.Build.0 = Release|Win32
		{6AFF04AA-1C2E-45E5-A7A8-C1FA079E8A16}.Debug|Any CPU.ActiveCfg = Debug|Win32
		{6AFF04AA-1C2E-45E5-A7A8-C1FA079E8A16}.Debug|Mixed Platforms.ActiveCfg = Debug|Win32
		{6AFF04AA-1C2E-45E5-A7A8-C1FA079E8A16}.Debug|Mixed Platforms.Build.0 = Debug|Win32
		{6AFF04AA-1C2E-45E5-A7A8-C1FA079E8A16}.Debug|Win32.ActiveCfg = Debug|Win32
		{6AFF04AA-1C2E-45E5-A7A8-C1FA079E8A16}.Debug|Win32.Build.0 = Debug|Win32
		{6AFF04AA-1C2E-45E5-A7A8-C1FA079E8A16}.Release|Any CPU.ActiveCfg = Release|Win32
		{6AFF04AA-1C2E-45E5-A7A8-C1FA079E8A16}.Release|Mixed Platforms.ActiveCfg = Release|Win32
		{6AFF04AA-1C2E-45E5-A7A8-C1FA079E8A16}.Release|Mixed Platforms.Build.0 = Release|Win32
		{6AFF04AA-1C2E-45E5-A7A8-C1FA079E8A16}.Release|Win32.ActiveCfg = Release|Win32
		{6AFF04AA-1C2E-45E5-A7A8-C1FA079E8A16}.Release|Win32.Build.0 = Release|Win32
		{25210064-8F3B-4917-BF4C-42A391E11706}.Debug|Any CPU.ActiveCfg = Debug|Win32
		{25210064-8F3B-4917-BF4C-42A391E11706}.Debug|Mixed Platforms.ActiveCfg = Debug|Win32
		{25210064-8F3B-4917-BF4C-42A391E11706}.Debug|Mixed Platforms.Build.0 = Debug|Win32
		{25210064-8F3B-4917-BF4C-42A391E11706}.Debug|Win32.ActiveCfg = Debug|Win32
		{25210064-8F3B-4917-BF4C-42A391E11706}.Debug|Win32.Build.0 = Debug|Win32
		{25210064-8F3B-4917-BF4C-42A391E11706}.Release|Any CPU.ActiveCfg = Release|Win32
		{25210064-8F3B-4917-BF4C-42A391E11706}.Release|Mixed Platforms.ActiveCfg = Release|Win32
		{25210064-8F3B-4917-BF4C-42A391E11706}.Release|Mixed Platforms.Build.0 = Release|Win32
		{25210064-8F3B-4917-BF4C-42A391E11706}.Release|Win32.ActiveCfg = Release|Win32
		{25210064-8F3B-4917-BF4C-42A391E11706}.Release|Win32.Build.0 = Release|Win32
		{E2BE8BD5-317B-4399-82C1-664787B4E225}.Debug|Any CPU.ActiveCfg = Debug|Win32
		{E2BE8BD5-317B-4399-82C1-664787B4E225}.Debug|Mixed Platforms.ActiveCfg = Debug|Win32
		{E2BE8BD5-317B-4399-82C1-664787B4E225}.Debug|Mixed Platforms.Build.0 = Debug|Win32
		{E2BE8BD5-317B-4399-82C1-664787B4E225}.Debug|Win32.ActiveCfg = Debug|Win32
		{E2BE8BD5-317B-4399-82C1-664787B4E225}.Debug|Win32.Build.0 = Debug|Win32
		{E2BE8BD5-317B-4399-82C1-664787B4E225}.Release|Any CPU.ActiveCfg = Release|Win32
		{E2BE8BD5-317B-4399-82C1-664787B4E225}.Release|Mixed Platforms.ActiveCfg = Release|Win32
		{E2BE8BD5-317B-4399-82C1-664787B4E225}.Release|Mixed Platforms.Build.0 = Release|Win32
		{E2BE8BD5-317B-4399-82C1-664787B4E225}.Release|Win32.ActiveCfg = Release|Win32
		{E2BE8BD5-317B-4399-82C1-664787B4E225}.Release|Win32.Build.0 = Release|Win32
		{C35A64B8-AC2E-4CFB-BFE6-4CDCCB187524}.Debug|Any CPU.ActiveCfg = Debug|Any CPU
		{C35A64B8-AC2E-4CFB-BFE6-4CDCCB187524}.Debug|Any CPU.Build.0 = Debug|Any CPU
		{C35A64B8-AC2E-4CFB-BFE6-4CDCCB187524}.Debug|Mixed Platforms.ActiveCfg = Debug|Any CPU
		{C35A64B8-AC2E-4CFB-BFE6-4CDCCB187524}.Debug|Mixed Platforms.Build.0 = Debug|Any CPU
		{C35A64B8-AC2E-4CFB-BFE6-4CDCCB187524}.Debug|Win32.ActiveCfg = Debug|Any CPU
		{C35A64B8-AC2E-4CFB-BFE6-4CDCCB187524}.Release|Any CPU.ActiveCfg = Release|Any CPU
		{C35A64B8-AC2E-4CFB-BFE6-4CDCCB187524}.Release|Any CPU.Build.0 = Release|Any CPU
		{C35A64B8-AC2E-4CFB-BFE6-4CDCCB187524}.Release|Mixed Platforms.ActiveCfg = Release|Any CPU
		{C35A64B8-AC2E-4CFB-BFE6-4CDCCB187524}.Release|Mixed Platforms.Build.0 = Release|Any CPU
		{C35A64B8-AC2E-4CFB-BFE6-4CDCCB187524}.Release|Win32.ActiveCfg = Release|Any CPU
		{966889C5-1043-44BB-A6E4-E90CC3D33E99}.Debug|Any CPU.ActiveCfg = Debug|Win32
		{966889C5-1043-44BB-A6E4-E90CC3D33E99}.Debug|Mixed Platforms.ActiveCfg = Debug|Win32
		{966889C5-1043-44BB-A6E4-E90CC3D33E99}.Debug|Mixed Platforms.Build.0 = Debug|Win32
		{966889C5-1043-44BB-A6E4-E90CC3D33E99}.Debug|Win32.ActiveCfg = Debug|Win32
		{966889C5-1043-44BB-A6E4-E90CC3D33E99}.Debug|Win32.Build.0 = Debug|Win32
		{966889C5-1043-44BB-A6E4-E90CC3D33E99}.Release|Any CPU.ActiveCfg = Release|Win32
		{966889C5-1043-44BB-A6E4-E90CC3D33E99}.Release|Mixed Platforms.ActiveCfg = Release|Win32
		{966889C5-1043-44BB-A6E4-E90CC3D33E99}.Release|Mixed Platforms.Build.0 = Release|Win32
		{966889C5-1043-44BB-A6E4-E90CC3D33E99}.Release|Win32.ActiveCfg = Release|Win32
		{966889C5-1043-44BB-A6E4-E90CC3D33E99}.Release|Win32.Build.0 = Release|Win32
		{2536E4F6-7CE5-4835-9201-FA6DBE1AF347}.Debug|Any CPU.ActiveCfg = Debug|Any CPU
		{2536E4F6-7CE5-4835-9201-FA6DBE1AF347}.Debug|Any CPU.Build.0 = Debug|Any CPU
		{2536E4F6-7CE5-4835-9201-FA6DBE1AF347}.Debug|Mixed Platforms.ActiveCfg = Debug|Any CPU
		{2536E4F6-7CE5-4835-9201-FA6DBE1AF347}.Debug|Mixed Platforms.Build.0 = Debug|Any CPU
		{2536E4F6-7CE5-4835-9201-FA6DBE1AF347}.Debug|Win32.ActiveCfg = Debug|Any CPU
		{2536E4F6-7CE5-4835-9201-FA6DBE1AF347}.Release|Any CPU.ActiveCfg = Release|Any CPU
		{2536E4F6-7CE5-4835-9201-FA6DBE1AF347}.Release|Any CPU.Build.0 = Release|Any CPU
		{2536E4F6-7CE5-4835-9201-FA6DBE1AF347}.Release|Mixed Platforms.ActiveCfg = Release|Any CPU
		{2536E4F6-7CE5-4835-9201-FA6DBE1AF347}.Release|Mixed Platforms.Build.0 = Release|Any CPU
		{2536E4F6-7CE5-4835-9201-FA6DBE1AF347}.Release|Win32.ActiveCfg = Release|Any CPU
	EndGlobalSection
	GlobalSection(SolutionProperties) = preSolution
		HideSolutionNode = FALSE
	EndGlobalSection
	GlobalSection(NestedProjects) = preSolution
		{966889C5-1043-44BB-A6E4-E90CC3D33E99} = {62433075-4A7C-4F5A-833B-0F0A263867CA}
	EndGlobalSection
EndGlobal
