
Microsoft Visual Studio Solution File, Format Version 10.00
# Visual Studio 2008
Project("{8BC9CEB8-8B4A-11D0-8D11-00A0C91BC942}") = "CppAsynchronousIO", "CppAsynchronousIO\CppAsynchronousIO.vcproj", "{6E22185B-D037-4B58-B124-218B18009214}"
EndProject
Project("{8BC9CEB8-8B4A-11D0-8D11-00A0C91BC942}") = "CppSynchronousIO", "CppSynchronousIO\CppSynchronousIO.vcproj", "{2BDFA114-7E86-48CD-A81F-569226BBCF5D}"
EndProject
Project("{8BC9CEB8-8B4A-11D0-8D11-00A0C91BC942}") = "CppSparseFile", "CppSparseFile\CppSparseFile.vcproj", "{85E26EC3-F0E7-48C9-8AAE-8D5EAE666F97}"
EndProject
Project("{FAE04EC0-301F-11D3-BF4B-00C04F79EFBC}") = "CSSparseFile", "CSSparseFile\CSSparseFile.csproj", "{4ADEF58A-DDDA-4636-ACC4-83707062155A}"
EndProject
Project("{FAE04EC0-301F-11D3-BF4B-00C04F79EFBC}") = "CSAsynchronousIO", "CSAsynchronousIO\CSAsynchronousIO.csproj", "{5385C3EE-190E-4AD6-ADA9-CB669D6A6265}"
EndProject
Project("{FAE04EC0-301F-11D3-BF4B-00C04F79EFBC}") = "CSSynchronousIO", "CSSynchronousIO\CSSynchronousIO.csproj", "{8B124D31-8A82-431F-9EB8-221F21CCD981}"
EndProject
Project("{8BC9CEB8-8B4A-11D0-8D11-00A0C91BC942}") = "CRTFileIO", "CRTFileIO\CRTFileIO.vcproj", "{61B06C62-D8E1-4393-A5B4-F9E29E573D1E}"
EndProject
Project("{8BC9CEB8-8B4A-11D0-8D11-00A0C91BC942}") = "CppFileHandle", "CppFileHandle\CppFileHandle.vcproj", "{2C1DC32B-5B98-4A42-99A3-659A3C10825B}"
EndProject
Project("{8BC9CEB8-8B4A-11D0-8D11-00A0C91BC942}") = "CppFileSystemWatcher", "CppFileSystemWatcher\CppFileSystemWatcher.vcproj", "{633D5F2D-B0E0-415D-8408-D85733095911}"
EndProject
Project("{8BC9CEB8-8B4A-11D0-8D11-00A0C91BC942}") = "CppListFilesInDirectory", "CppListFilesInDirectory\CppListFilesInDirectory.vcproj", "{62FE65B3-6C39-4428-9403-9F4D457AFD1C}"
EndProject
Project("{FAE04EC0-301F-11D3-BF4B-00C04F79EFBC}") = "CSListFilesInDirectory", "CSListFilesInDirectory\CSListFilesInDirectory.csproj", "{EE102AD6-AC99-43A4-A5D2-970829A7DFC1}"
EndProject
Project("{F184B08F-C81C-45F6-A57F-5ABD9991F28F}") = "VBListFilesInDirectory", "VBListFilesInDirectory\VBListFilesInDirectory.vbproj", "{64FDD01E-98CE-4D42-AE9F-E7662EF3B452}"
EndProject
Project("{2150E333-8FDC-42A3-9474-1A3956D46DE8}") = "File Management", "File Management", "{090441EB-7FCB-4508-BE92-0A6E496FAE2F}"
EndProject
Project("{2150E333-8FDC-42A3-9474-1A3956D46DE8}") = "Directory Management", "Directory Management", "{951FB5FB-A2DC-45F2-A997-FDF57E949DD0}"
EndProject
Project("{F184B08F-C81C-45F6-A57F-5ABD9991F28F}") = "VBSparseFile", "VBSparseFile\VBSparseFile.vbproj", "{A7D35979-7997-482D-942B-51FDC101B036}"
EndProject
Project("{FAE04EC0-301F-11D3-BF4B-00C04F79EFBC}") = "CSFileSystemWatcher", "CSFileSystemWatcher\CSFileSystemWatcher.csproj", "{BA9BC3A5-AB48-47CF-BF91-D47BCF17848B}"
EndProject
Project("{F184B08F-C81C-45F6-A57F-5ABD9991F28F}") = "VBFileSystemWatcher", "VBFileSystemWatcher\VBFileSystemWatcher.vbproj", "{A0D6DF02-F60D-4119-A056-7032C3F20837}"
EndProject
Global
	GlobalSection(SolutionConfigurationPlatforms) = preSolution
		Debug|Any CPU = Debug|Any CPU
		Debug|Mixed Platforms = Debug|Mixed Platforms
		Debug|Win32 = Debug|Win32
		Release|Any CPU = Release|Any CPU
		Release|Mixed Platforms = Release|Mixed Platforms
		Release|Win32 = Release|Win32
	EndGlobalSection
	GlobalSection(ProjectConfigurationPlatforms) = postSolution
		{6E22185B-D037-4B58-B124-218B18009214}.Debug|Any CPU.ActiveCfg = Debug|Win32
		{6E22185B-D037-4B58-B124-218B18009214}.Debug|Mixed Platforms.ActiveCfg = Debug|Win32
		{6E22185B-D037-4B58-B124-218B18009214}.Debug|Mixed Platforms.Build.0 = Debug|Win32
		{6E22185B-D037-4B58-B124-218B18009214}.Debug|Win32.ActiveCfg = Debug|Win32
		{6E22185B-D037-4B58-B124-218B18009214}.Debug|Win32.Build.0 = Debug|Win32
		{6E22185B-D037-4B58-B124-218B18009214}.Release|Any CPU.ActiveCfg = Release|Win32
		{6E22185B-D037-4B58-B124-218B18009214}.Release|Mixed Platforms.ActiveCfg = Release|Win32
		{6E22185B-D037-4B58-B124-218B18009214}.Release|Mixed Platforms.Build.0 = Release|Win32
		{6E22185B-D037-4B58-B124-218B18009214}.Release|Win32.ActiveCfg = Release|Win32
		{6E22185B-D037-4B58-B124-218B18009214}.Release|Win32.Build.0 = Release|Win32
		{2BDFA114-7E86-48CD-A81F-569226BBCF5D}.Debug|Any CPU.ActiveCfg = Debug|Win32
		{2BDFA114-7E86-48CD-A81F-569226BBCF5D}.Debug|Mixed Platforms.ActiveCfg = Debug|Win32
		{2BDFA114-7E86-48CD-A81F-569226BBCF5D}.Debug|Mixed Platforms.Build.0 = Debug|Win32
		{2BDFA114-7E86-48CD-A81F-569226BBCF5D}.Debug|Win32.ActiveCfg = Debug|Win32
		{2BDFA114-7E86-48CD-A81F-569226BBCF5D}.Debug|Win32.Build.0 = Debug|Win32
		{2BDFA114-7E86-48CD-A81F-569226BBCF5D}.Release|Any CPU.ActiveCfg = Release|Win32
		{2BDFA114-7E86-48CD-A81F-569226BBCF5D}.Release|Mixed Platforms.ActiveCfg = Release|Win32
		{2BDFA114-7E86-48CD-A81F-569226BBCF5D}.Release|Mixed Platforms.Build.0 = Release|Win32
		{2BDFA114-7E86-48CD-A81F-569226BBCF5D}.Release|Win32.ActiveCfg = Release|Win32
		{2BDFA114-7E86-48CD-A81F-569226BBCF5D}.Release|Win32.Build.0 = Release|Win32
		{85E26EC3-F0E7-48C9-8AAE-8D5EAE666F97}.Debug|Any CPU.ActiveCfg = Debug|Win32
		{85E26EC3-F0E7-48C9-8AAE-8D5EAE666F97}.Debug|Mixed Platforms.ActiveCfg = Debug|Win32
		{85E26EC3-F0E7-48C9-8AAE-8D5EAE666F97}.Debug|Mixed Platforms.Build.0 = Debug|Win32
		{85E26EC3-F0E7-48C9-8AAE-8D5EAE666F97}.Debug|Win32.ActiveCfg = Debug|Win32
		{85E26EC3-F0E7-48C9-8AAE-8D5EAE666F97}.Debug|Win32.Build.0 = Debug|Win32
		{85E26EC3-F0E7-48C9-8AAE-8D5EAE666F97}.Release|Any CPU.ActiveCfg = Release|Win32
		{85E26EC3-F0E7-48C9-8AAE-8D5EAE666F97}.Release|Mixed Platforms.ActiveCfg = Release|Win32
		{85E26EC3-F0E7-48C9-8AAE-8D5EAE666F97}.Release|Mixed Platforms.Build.0 = Release|Win32
		{85E26EC3-F0E7-48C9-8AAE-8D5EAE666F97}.Release|Win32.ActiveCfg = Release|Win32
		{85E26EC3-F0E7-48C9-8AAE-8D5EAE666F97}.Release|Win32.Build.0 = Release|Win32
		{4ADEF58A-DDDA-4636-ACC4-83707062155A}.Debug|Any CPU.ActiveCfg = Debug|Any CPU
		{4ADEF58A-DDDA-4636-ACC4-83707062155A}.Debug|Any CPU.Build.0 = Debug|Any CPU
		{4ADEF58A-DDDA-4636-ACC4-83707062155A}.Debug|Mixed Platforms.ActiveCfg = Debug|Any CPU
		{4ADEF58A-DDDA-4636-ACC4-83707062155A}.Debug|Mixed Platforms.Build.0 = Debug|Any CPU
		{4ADEF58A-DDDA-4636-ACC4-83707062155A}.Debug|Win32.ActiveCfg = Debug|Any CPU
		{4ADEF58A-DDDA-4636-ACC4-83707062155A}.Release|Any CPU.ActiveCfg = Release|Any CPU
		{4ADEF58A-DDDA-4636-ACC4-83707062155A}.Release|Any CPU.Build.0 = Release|Any CPU
		{4ADEF58A-DDDA-4636-ACC4-83707062155A}.Release|Mixed Platforms.ActiveCfg = Release|Any CPU
		{4ADEF58A-DDDA-4636-ACC4-83707062155A}.Release|Mixed Platforms.Build.0 = Release|Any CPU
		{4ADEF58A-DDDA-4636-ACC4-83707062155A}.Release|Win32.ActiveCfg = Release|Any CPU
		{5385C3EE-190E-4AD6-ADA9-CB669D6A6265}.Debug|Any CPU.ActiveCfg = Debug|Any CPU
		{5385C3EE-190E-4AD6-ADA9-CB669D6A6265}.Debug|Any CPU.Build.0 = Debug|Any CPU
		{5385C3EE-190E-4AD6-ADA9-CB669D6A6265}.Debug|Mixed Platforms.ActiveCfg = Debug|Any CPU
		{5385C3EE-190E-4AD6-ADA9-CB669D6A6265}.Debug|Mixed Platforms.Build.0 = Debug|Any CPU
		{5385C3EE-190E-4AD6-ADA9-CB669D6A6265}.Debug|Win32.ActiveCfg = Debug|Any CPU
		{5385C3EE-190E-4AD6-ADA9-CB669D6A6265}.Release|Any CPU.ActiveCfg = Release|Any CPU
		{5385C3EE-190E-4AD6-ADA9-CB669D6A6265}.Release|Any CPU.Build.0 = Release|Any CPU
		{5385C3EE-190E-4AD6-ADA9-CB669D6A6265}.Release|Mixed Platforms.ActiveCfg = Release|Any CPU
		{5385C3EE-190E-4AD6-ADA9-CB669D6A6265}.Release|Mixed Platforms.Build.0 = Release|Any CPU
		{5385C3EE-190E-4AD6-ADA9-CB669D6A6265}.Release|Win32.ActiveCfg = Release|Any CPU
		{8B124D31-8A82-431F-9EB8-221F21CCD981}.Debug|Any CPU.ActiveCfg = Debug|Any CPU
		{8B124D31-8A82-431F-9EB8-221F21CCD981}.Debug|Any CPU.Build.0 = Debug|Any CPU
		{8B124D31-8A82-431F-9EB8-221F21CCD981}.Debug|Mixed Platforms.ActiveCfg = Debug|Any CPU
		{8B124D31-8A82-431F-9EB8-221F21CCD981}.Debug|Mixed Platforms.Build.0 = Debug|Any CPU
		{8B124D31-8A82-431F-9EB8-221F21CCD981}.Debug|Win32.ActiveCfg = Debug|Any CPU
		{8B124D31-8A82-431F-9EB8-221F21CCD981}.Release|Any CPU.ActiveCfg = Release|Any CPU
		{8B124D31-8A82-431F-9EB8-221F21CCD981}.Release|Any CPU.Build.0 = Release|Any CPU
		{8B124D31-8A82-431F-9EB8-221F21CCD981}.Release|Mixed Platforms.ActiveCfg = Release|Any CPU
		{8B124D31-8A82-431F-9EB8-221F21CCD981}.Release|Mixed Platforms.Build.0 = Release|Any CPU
		{8B124D31-8A82-431F-9EB8-221F21CCD981}.Release|Win32.ActiveCfg = Release|Any CPU
		{61B06C62-D8E1-4393-A5B4-F9E29E573D1E}.Debug|Any CPU.ActiveCfg = Debug|Win32
		{61B06C62-D8E1-4393-A5B4-F9E29E573D1E}.Debug|Mixed Platforms.ActiveCfg = Debug|Win32
		{61B06C62-D8E1-4393-A5B4-F9E29E573D1E}.Debug|Mixed Platforms.Build.0 = Debug|Win32
		{61B06C62-D8E1-4393-A5B4-F9E29E573D1E}.Debug|Win32.ActiveCfg = Debug|Win32
		{61B06C62-D8E1-4393-A5B4-F9E29E573D1E}.Debug|Win32.Build.0 = Debug|Win32
		{61B06C62-D8E1-4393-A5B4-F9E29E573D1E}.Release|Any CPU.ActiveCfg = Release|Win32
		{61B06C62-D8E1-4393-A5B4-F9E29E573D1E}.Release|Mixed Platforms.ActiveCfg = Release|Win32
		{61B06C62-D8E1-4393-A5B4-F9E29E573D1E}.Release|Mixed Platforms.Build.0 = Release|Win32
		{61B06C62-D8E1-4393-A5B4-F9E29E573D1E}.Release|Win32.ActiveCfg = Release|Win32
		{61B06C62-D8E1-4393-A5B4-F9E29E573D1E}.Release|Win32.Build.0 = Release|Win32
		{2C1DC32B-5B98-4A42-99A3-659A3C10825B}.Debug|Any CPU.ActiveCfg = Debug|Win32
		{2C1DC32B-5B98-4A42-99A3-659A3C10825B}.Debug|Mixed Platforms.ActiveCfg = Debug|Win32
		{2C1DC32B-5B98-4A42-99A3-659A3C10825B}.Debug|Mixed Platforms.Build.0 = Debug|Win32
		{2C1DC32B-5B98-4A42-99A3-659A3C10825B}.Debug|Win32.ActiveCfg = Debug|Win32
		{2C1DC32B-5B98-4A42-99A3-659A3C10825B}.Debug|Win32.Build.0 = Debug|Win32
		{2C1DC32B-5B98-4A42-99A3-659A3C10825B}.Release|Any CPU.ActiveCfg = Release|Win32
		{2C1DC32B-5B98-4A42-99A3-659A3C10825B}.Release|Mixed Platforms.ActiveCfg = Release|Win32
		{2C1DC32B-5B98-4A42-99A3-659A3C10825B}.Release|Mixed Platforms.Build.0 = Release|Win32
		{2C1DC32B-5B98-4A42-99A3-659A3C10825B}.Release|Win32.ActiveCfg = Release|Win32
		{2C1DC32B-5B98-4A42-99A3-659A3C10825B}.Release|Win32.Build.0 = Release|Win32
		{633D5F2D-B0E0-415D-8408-D85733095911}.Debug|Any CPU.ActiveCfg = Debug|Win32
		{633D5F2D-B0E0-415D-8408-D85733095911}.Debug|Mixed Platforms.ActiveCfg = Debug|Win32
		{633D5F2D-B0E0-415D-8408-D85733095911}.Debug|Mixed Platforms.Build.0 = Debug|Win32
		{633D5F2D-B0E0-415D-8408-D85733095911}.Debug|Win32.ActiveCfg = Debug|Win32
		{633D5F2D-B0E0-415D-8408-D85733095911}.Debug|Win32.Build.0 = Debug|Win32
		{633D5F2D-B0E0-415D-8408-D85733095911}.Release|Any CPU.ActiveCfg = Release|Win32
		{633D5F2D-B0E0-415D-8408-D85733095911}.Release|Mixed Platforms.ActiveCfg = Release|Win32
		{633D5F2D-B0E0-415D-8408-D85733095911}.Release|Mixed Platforms.Build.0 = Release|Win32
		{633D5F2D-B0E0-415D-8408-D85733095911}.Release|Win32.ActiveCfg = Release|Win32
		{633D5F2D-B0E0-415D-8408-D85733095911}.Release|Win32.Build.0 = Release|Win32
		{62FE65B3-6C39-4428-9403-9F4D457AFD1C}.Debug|Any CPU.ActiveCfg = Debug|Win32
		{62FE65B3-6C39-4428-9403-9F4D457AFD1C}.Debug|Mixed Platforms.ActiveCfg = Debug|Win32
		{62FE65B3-6C39-4428-9403-9F4D457AFD1C}.Debug|Mixed Platforms.Build.0 = Debug|Win32
		{62FE65B3-6C39-4428-9403-9F4D457AFD1C}.Debug|Win32.ActiveCfg = Debug|Win32
		{62FE65B3-6C39-4428-9403-9F4D457AFD1C}.Debug|Win32.Build.0 = Debug|Win32
		{62FE65B3-6C39-4428-9403-9F4D457AFD1C}.Release|Any CPU.ActiveCfg = Release|Win32
		{62FE65B3-6C39-4428-9403-9F4D457AFD1C}.Release|Mixed Platforms.ActiveCfg = Release|Win32
		{62FE65B3-6C39-4428-9403-9F4D457AFD1C}.Release|Mixed Platforms.Build.0 = Release|Win32
		{62FE65B3-6C39-4428-9403-9F4D457AFD1C}.Release|Win32.ActiveCfg = Release|Win32
		{62FE65B3-6C39-4428-9403-9F4D457AFD1C}.Release|Win32.Build.0 = Release|Win32
		{EE102AD6-AC99-43A4-A5D2-970829A7DFC1}.Debug|Any CPU.ActiveCfg = Debug|Any CPU
		{EE102AD6-AC99-43A4-A5D2-970829A7DFC1}.Debug|Any CPU.Build.0 = Debug|Any CPU
		{EE102AD6-AC99-43A4-A5D2-970829A7DFC1}.Debug|Mixed Platforms.ActiveCfg = Debug|Any CPU
		{EE102AD6-AC99-43A4-A5D2-970829A7DFC1}.Debug|Mixed Platforms.Build.0 = Debug|Any CPU
		{EE102AD6-AC99-43A4-A5D2-970829A7DFC1}.Debug|Win32.ActiveCfg = Debug|Any CPU
		{EE102AD6-AC99-43A4-A5D2-970829A7DFC1}.Release|Any CPU.ActiveCfg = Release|Any CPU
		{EE102AD6-AC99-43A4-A5D2-970829A7DFC1}.Release|Any CPU.Build.0 = Release|Any CPU
		{EE102AD6-AC99-43A4-A5D2-970829A7DFC1}.Release|Mixed Platforms.ActiveCfg = Release|Any CPU
		{EE102AD6-AC99-43A4-A5D2-970829A7DFC1}.Release|Mixed Platforms.Build.0 = Release|Any CPU
		{EE102AD6-AC99-43A4-A5D2-970829A7DFC1}.Release|Win32.ActiveCfg = Release|Any CPU
		{64FDD01E-98CE-4D42-AE9F-E7662EF3B452}.Debug|Any CPU.ActiveCfg = Debug|Any CPU
		{64FDD01E-98CE-4D42-AE9F-E7662EF3B452}.Debug|Any CPU.Build.0 = Debug|Any CPU
		{64FDD01E-98CE-4D42-AE9F-E7662EF3B452}.Debug|Mixed Platforms.ActiveCfg = Debug|Any CPU
		{64FDD01E-98CE-4D42-AE9F-E7662EF3B452}.Debug|Mixed Platforms.Build.0 = Debug|Any CPU
		{64FDD01E-98CE-4D42-AE9F-E7662EF3B452}.Debug|Win32.ActiveCfg = Debug|Any CPU
		{64FDD01E-98CE-4D42-AE9F-E7662EF3B452}.Release|Any CPU.ActiveCfg = Release|Any CPU
		{64FDD01E-98CE-4D42-AE9F-E7662EF3B452}.Release|Any CPU.Build.0 = Release|Any CPU
		{64FDD01E-98CE-4D42-AE9F-E7662EF3B452}.Release|Mixed Platforms.ActiveCfg = Release|Any CPU
		{64FDD01E-98CE-4D42-AE9F-E7662EF3B452}.Release|Mixed Platforms.Build.0 = Release|Any CPU
		{64FDD01E-98CE-4D42-AE9F-E7662EF3B452}.Release|Win32.ActiveCfg = Release|Any CPU
		{A7D35979-7997-482D-942B-51FDC101B036}.Debug|Any CPU.ActiveCfg = Debug|Any CPU
		{A7D35979-7997-482D-942B-51FDC101B036}.Debug|Any CPU.Build.0 = Debug|Any CPU
		{A7D35979-7997-482D-942B-51FDC101B036}.Debug|Mixed Platforms.ActiveCfg = Debug|Any CPU
		{A7D35979-7997-482D-942B-51FDC101B036}.Debug|Mixed Platforms.Build.0 = Debug|Any CPU
		{A7D35979-7997-482D-942B-51FDC101B036}.Debug|Win32.ActiveCfg = Debug|Any CPU
		{A7D35979-7997-482D-942B-51FDC101B036}.Release|Any CPU.ActiveCfg = Release|Any CPU
		{A7D35979-7997-482D-942B-51FDC101B036}.Release|Any CPU.Build.0 = Release|Any CPU
		{A7D35979-7997-482D-942B-51FDC101B036}.Release|Mixed Platforms.ActiveCfg = Release|Any CPU
		{A7D35979-7997-482D-942B-51FDC101B036}.Release|Mixed Platforms.Build.0 = Release|Any CPU
		{A7D35979-7997-482D-942B-51FDC101B036}.Release|Win32.ActiveCfg = Release|Any CPU
		{BA9BC3A5-AB48-47CF-BF91-D47BCF17848B}.Debug|Any CPU.ActiveCfg = Debug|Any CPU
		{BA9BC3A5-AB48-47CF-BF91-D47BCF17848B}.Debug|Any CPU.Build.0 = Debug|Any CPU
		{BA9BC3A5-AB48-47CF-BF91-D47BCF17848B}.Debug|Mixed Platforms.ActiveCfg = Debug|Any CPU
		{BA9BC3A5-AB48-47CF-BF91-D47BCF17848B}.Debug|Mixed Platforms.Build.0 = Debug|Any CPU
		{BA9BC3A5-AB48-47CF-BF91-D47BCF17848B}.Debug|Win32.ActiveCfg = Debug|Any CPU
		{BA9BC3A5-AB48-47CF-BF91-D47BCF17848B}.Release|Any CPU.ActiveCfg = Release|Any CPU
		{BA9BC3A5-AB48-47CF-BF91-D47BCF17848B}.Release|Any CPU.Build.0 = Release|Any CPU
		{BA9BC3A5-AB48-47CF-BF91-D47BCF17848B}.Release|Mixed Platforms.ActiveCfg = Release|Any CPU
		{BA9BC3A5-AB48-47CF-BF91-D47BCF17848B}.Release|Mixed Platforms.Build.0 = Release|Any CPU
		{BA9BC3A5-AB48-47CF-BF91-D47BCF17848B}.Release|Win32.ActiveCfg = Release|Any CPU
		{A0D6DF02-F60D-4119-A056-7032C3F20837}.Debug|Any CPU.ActiveCfg = Debug|Any CPU
		{A0D6DF02-F60D-4119-A056-7032C3F20837}.Debug|Any CPU.Build.0 = Debug|Any CPU
		{A0D6DF02-F60D-4119-A056-7032C3F20837}.Debug|Mixed Platforms.ActiveCfg = Debug|Any CPU
		{A0D6DF02-F60D-4119-A056-7032C3F20837}.Debug|Mixed Platforms.Build.0 = Debug|Any CPU
		{A0D6DF02-F60D-4119-A056-7032C3F20837}.Debug|Win32.ActiveCfg = Debug|Any CPU
		{A0D6DF02-F60D-4119-A056-7032C3F20837}.Release|Any CPU.ActiveCfg = Release|Any CPU
		{A0D6DF02-F60D-4119-A056-7032C3F20837}.Release|Any CPU.Build.0 = Release|Any CPU
		{A0D6DF02-F60D-4119-A056-7032C3F20837}.Release|Mixed Platforms.ActiveCfg = Release|Any CPU
		{A0D6DF02-F60D-4119-A056-7032C3F20837}.Release|Mixed Platforms.Build.0 = Release|Any CPU
		{A0D6DF02-F60D-4119-A056-7032C3F20837}.Release|Win32.ActiveCfg = Release|Any CPU
	EndGlobalSection
	GlobalSection(SolutionProperties) = preSolution
		HideSolutionNode = FALSE
	EndGlobalSection
	GlobalSection(NestedProjects) = preSolution
		{2BDFA114-7E86-48CD-A81F-569226BBCF5D} = {090441EB-7FCB-4508-BE92-0A6E496FAE2F}
		{85E26EC3-F0E7-48C9-8AAE-8D5EAE666F97} = {090441EB-7FCB-4508-BE92-0A6E496FAE2F}
		{4ADEF58A-DDDA-4636-ACC4-83707062155A} = {090441EB-7FCB-4508-BE92-0A6E496FAE2F}
		{5385C3EE-190E-4AD6-ADA9-CB669D6A6265} = {090441EB-7FCB-4508-BE92-0A6E496FAE2F}
		{8B124D31-8A82-431F-9EB8-221F21CCD981} = {090441EB-7FCB-4508-BE92-0A6E496FAE2F}
		{61B06C62-D8E1-4393-A5B4-F9E29E573D1E} = {090441EB-7FCB-4508-BE92-0A6E496FAE2F}
		{2C1DC32B-5B98-4A42-99A3-659A3C10825B} = {090441EB-7FCB-4508-BE92-0A6E496FAE2F}
		{6E22185B-D037-4B58-B124-218B18009214} = {090441EB-7FCB-4508-BE92-0A6E496FAE2F}
		{A7D35979-7997-482D-942B-51FDC101B036} = {090441EB-7FCB-4508-BE92-0A6E496FAE2F}
		{62FE65B3-6C39-4428-9403-9F4D457AFD1C} = {951FB5FB-A2DC-45F2-A997-FDF57E949DD0}
		{EE102AD6-AC99-43A4-A5D2-970829A7DFC1} = {951FB5FB-A2DC-45F2-A997-FDF57E949DD0}
		{64FDD01E-98CE-4D42-AE9F-E7662EF3B452} = {951FB5FB-A2DC-45F2-A997-FDF57E949DD0}
		{633D5F2D-B0E0-415D-8408-D85733095911} = {951FB5FB-A2DC-45F2-A997-FDF57E949DD0}
		{BA9BC3A5-AB48-47CF-BF91-D47BCF17848B} = {951FB5FB-A2DC-45F2-A997-FDF57E949DD0}
		{A0D6DF02-F60D-4119-A056-7032C3F20837} = {951FB5FB-A2DC-45F2-A997-FDF57E949DD0}
	EndGlobalSection
EndGlobal
